
Microsoft Visual Studio Solution File, Format Version 12.00
# Visual Studio Version 17
VisualStudioVersion = 17.14.36518.9 d17.14
MinimumVisualStudioVersion = 10.0.40219.1
Project("{2150E333-8FDC-42A3-9474-1A3956D46DE8}") = "Task 0", "Task 0", "{02EA681E-C7D8-13C7-8484-4AC65E1B71E8}"
EndProject
Project("{FAE04EC0-301F-11D3-BF4B-00C04F79EFBC}") = "Tyuiu.TikhomirovaKA.Sprint2.Task0.V3", "Tyuiu.TikhomirovaKA.Sprint2.Task0.V3\Tyuiu.TikhomirovaKA.Sprint2.Task0.V3.csproj", "{DF38F560-A42C-432C-AC5D-E008D9553D09}"
EndProject
Project("{FAE04EC0-301F-11D3-BF4B-00C04F79EFBC}") = "Tyuiu.TikhomirovaKA.Sprint2.Task0.V3.Test", "Tyuiu.TikhomirovaKA.Sprint2.Task0.V3.Test\Tyuiu.TikhomirovaKA.Sprint2.Task0.V3.Test.csproj", "{F7EEBD0D-1FE1-4650-B28C-A6FF15FD403C}"
EndProject
Project("{FAE04EC0-301F-11D3-BF4B-00C04F79EFBC}") = "Tyuiu.TikhomirovaKA.Sprint2.Task0.V3.Lib", "Tyuiu.TikhomirovaKA.Sprint2.Task0.V3.Lib\Tyuiu.TikhomirovaKA.Sprint2.Task0.V3.Lib.csproj", "{CC10A2CF-25AE-4799-B6B0-B381A3A5FB37}"
EndProject
Project("{2150E333-8FDC-42A3-9474-1A3956D46DE8}") = "Task 1", "Task 1", "{C82F2904-21F0-49AC-A4AA-B90425C65294}"
EndProject
Project("{FAE04EC0-301F-11D3-BF4B-00C04F79EFBC}") = "Tyuiu.TikhomirovaKA.Sprint2.Task1.V17", "Tyuiu.TikhomirovaKA.Sprint2.Task1.V17\Tyuiu.TikhomirovaKA.Sprint2.Task1.V17.csproj", "{52DB9A23-82AE-4234-B37F-5CE7523D8161}"
EndProject
Project("{FAE04EC0-301F-11D3-BF4B-00C04F79EFBC}") = "Tyuiu.TikhomirovaKA.Sprint2.Task1.V17.Test", "Tyuiu.TikhomirovaKA.Sprint2.Task1.V17.Test\Tyuiu.TikhomirovaKA.Sprint2.Task1.V17.Test.csproj", "{919CA65B-1BD6-4EC1-83D1-197343B68645}"
EndProject
Project("{FAE04EC0-301F-11D3-BF4B-00C04F79EFBC}") = "Tyuiu.TikhomirovaKA.Sprint2.Task1.V17.Lib", "Tyuiu.TikhomirovaKA.Sprint2.Task1.V17.Lib\Tyuiu.TikhomirovaKA.Sprint2.Task1.V17.Lib.csproj", "{93412EE1-F4E1-4D2A-80D2-4630A8141D67}"
EndProject
Project("{2150E333-8FDC-42A3-9474-1A3956D46DE8}") = "Task 2", "Task 2", "{585D574E-644E-4EE5-8590-06593D6DA9DA}"
EndProject
Project("{2150E333-8FDC-42A3-9474-1A3956D46DE8}") = "Task 3", "Task 3", "{B82C4B2F-A88E-482A-B112-9A94739CC3CB}"
EndProject
Project("{2150E333-8FDC-42A3-9474-1A3956D46DE8}") = "Task 4", "Task 4", "{03FA735D-5697-48DB-BE5E-9F398187D930}"
EndProject
Project("{2150E333-8FDC-42A3-9474-1A3956D46DE8}") = "Task 5", "Task 5", "{EED6AF32-6870-4B9F-A929-827BAB3E77F7}"
EndProject
Project("{2150E333-8FDC-42A3-9474-1A3956D46DE8}") = "Task 6", "Task 6", "{82855CE2-46FA-4C9C-8F35-BE042B9B6709}"
EndProject
Project("{2150E333-8FDC-42A3-9474-1A3956D46DE8}") = "Task 7", "Task 7", "{E8210A6B-ADE8-490E-A85B-4582DE76C7B5}"
EndProject
Project("{FAE04EC0-301F-11D3-BF4B-00C04F79EFBC}") = "Tyuiu.TikhomirovaKA.Sprint2.Task2.V4", "Tyuiu.TikhomirovaKA.Sprint2.Task2.V4\Tyuiu.TikhomirovaKA.Sprint2.Task2.V4.csproj", "{DA1A6431-D228-4D8F-A710-22F038FC3F80}"
EndProject
Project("{FAE04EC0-301F-11D3-BF4B-00C04F79EFBC}") = "Tyuiu.TikhomirovaKA.Sprint2.Task2.V4.Lib", "Tyuiu.TikhomirovaKA.Sprint2.Task2.V4.Lib\Tyuiu.TikhomirovaKA.Sprint2.Task2.V4.Lib.csproj", "{4392FCD7-4A4D-4F05-80C0-0956FA449039}"
EndProject
Project("{FAE04EC0-301F-11D3-BF4B-00C04F79EFBC}") = "Tyuiu.TikhomirovaKA.Sprint2.Task2.V4.Test", "Tyuiu.TikhomirovaKA.Sprint2.Task2.V4.Test\Tyuiu.TikhomirovaKA.Sprint2.Task2.V4.Test.csproj", "{569177CE-2A3A-440D-8F5D-5974A429099E}"
EndProject
Project("{FAE04EC0-301F-11D3-BF4B-00C04F79EFBC}") = "Tyuiu.TikhomirovaKA.Sprint2.Task3.V15", "Tyuiu.TikhomirovaKA.Sprint2.Task3.V15\Tyuiu.TikhomirovaKA.Sprint2.Task3.V15.csproj", "{6C340520-F15A-4932-BDE1-BF05CFA1AF6A}"
EndProject
Project("{FAE04EC0-301F-11D3-BF4B-00C04F79EFBC}") = "Tyuiu.TikhomirovaKA.Sprint2.Task3.V15.Lib", "Tyuiu.TikhomirovaKA.Sprint2.Task3.V15.Lib\Tyuiu.TikhomirovaKA.Sprint2.Task3.V15.Lib.csproj", "{305B0828-F71D-4142-AB88-B1D1C9F5EC91}"
EndProject
Project("{FAE04EC0-301F-11D3-BF4B-00C04F79EFBC}") = "Tyuiu.TikhomirovaKA.Sprint2.Task3.V15.Test", "Tyuiu.TikhomirovaKA.Sprint2.Task3.V15.Test\Tyuiu.TikhomirovaKA.Sprint2.Task3.V15.Test.csproj", "{967A1595-7310-4923-8B62-59A3A6AA9D30}"
EndProject
Project("{FAE04EC0-301F-11D3-BF4B-00C04F79EFBC}") = "Tyuiu.TikhomirovaKA.Sprint2.Task4.V2", "Tyuiu.TikhomirovaKA.Sprint2.Task4.V2\Tyuiu.TikhomirovaKA.Sprint2.Task4.V2.csproj", "{CBCBDA01-6DB4-4F89-9E94-8D66DD04CC34}"
EndProject
Project("{FAE04EC0-301F-11D3-BF4B-00C04F79EFBC}") = "Tyuiu.TikhomirovaKA.Sprint2.Task4.V2.Lib", "Tyuiu.TikhomirovaKA.Sprint2.Task4.V2.Lib\Tyuiu.TikhomirovaKA.Sprint2.Task4.V2.Lib.csproj", "{447C582D-B686-44AD-8CDA-4D26759AD6D3}"
EndProject
Project("{FAE04EC0-301F-11D3-BF4B-00C04F79EFBC}") = "Tyuiu.TikhomirovaKA.Sprint2.Task4.V2.Test", "Tyuiu.TikhomirovaKA.Sprint2.Task4.V2.Test\Tyuiu.TikhomirovaKA.Sprint2.Task4.V2.Test.csproj", "{F4106CF0-E0FB-428D-B9DB-B57D9D2D6EB0}"
EndProject
Project("{FAE04EC0-301F-11D3-BF4B-00C04F79EFBC}") = "Tyuiu.TikhomirovaKA.Sprint2.Task5.V6", "Tyuiu.TikhomirovaKA.Sprint2.Task5.V6\Tyuiu.TikhomirovaKA.Sprint2.Task5.V6.csproj", "{053F01E5-509C-4651-9DD4-6C892E390276}"
EndProject
Project("{FAE04EC0-301F-11D3-BF4B-00C04F79EFBC}") = "Tyuiu.TikhomirovaKA.Sprint2.Task5.V6.Test", "Tyuiu.TikhomirovaKA.Sprint2.Task5.V6.Test\Tyuiu.TikhomirovaKA.Sprint2.Task5.V6.Test.csproj", "{E55AB978-3BFA-4C90-AD45-B240535B6717}"
EndProject
Project("{FAE04EC0-301F-11D3-BF4B-00C04F79EFBC}") = "Tyuiu.TikhomirovaKA.Sprint2.Task5.V6.Lib", "Tyuiu.TikhomirovaKA.Sprint2.Task5.V6.Lib\Tyuiu.TikhomirovaKA.Sprint2.Task5.V6.Lib.csproj", "{B2B2B99B-2CE9-442A-877E-AF57AED9B560}"
EndProject
Project("{FAE04EC0-301F-11D3-BF4B-00C04F79EFBC}") = "Tyuiu.TikhomirovaKA.Sprint2.Task6.V3", "Tyuiu.TikhomirovaKA.Sprint2.Task6.V3\Tyuiu.TikhomirovaKA.Sprint2.Task6.V3.csproj", "{D713E46D-A96C-49BC-8F75-F26B687144C9}"
EndProject
Project("{FAE04EC0-301F-11D3-BF4B-00C04F79EFBC}") = "Tyuiu.TikhomirovaKA.Sprint2.Task6.V3.Lib", "Tyuiu.TikhomirovaKA.Sprint2.Task6.V3.Lib\Tyuiu.TikhomirovaKA.Sprint2.Task6.V3.Lib.csproj", "{1DB3CFC4-5847-4D59-A682-EB4909327B6C}"
EndProject
Project("{FAE04EC0-301F-11D3-BF4B-00C04F79EFBC}") = "Tyuiu.TikhomirovaKA.Sprint2.Task6.V3.Test", "Tyuiu.TikhomirovaKA.Sprint2.Task6.V3.Test\Tyuiu.TikhomirovaKA.Sprint2.Task6.V3.Test.csproj", "{D1DDAA16-DB35-4EB6-A7AD-3A2C886FA5CF}"
EndProject
Global
	GlobalSection(SolutionConfigurationPlatforms) = preSolution
		Debug|Any CPU = Debug|Any CPU
		Release|Any CPU = Release|Any CPU
	EndGlobalSection
	GlobalSection(ProjectConfigurationPlatforms) = postSolution
		{DF38F560-A42C-432C-AC5D-E008D9553D09}.Debug|Any CPU.ActiveCfg = Debug|Any CPU
		{DF38F560-A42C-432C-AC5D-E008D9553D09}.Debug|Any CPU.Build.0 = Debug|Any CPU
		{DF38F560-A42C-432C-AC5D-E008D9553D09}.Release|Any CPU.ActiveCfg = Release|Any CPU
		{DF38F560-A42C-432C-AC5D-E008D9553D09}.Release|Any CPU.Build.0 = Release|Any CPU
		{F7EEBD0D-1FE1-4650-B28C-A6FF15FD403C}.Debug|Any CPU.ActiveCfg = Debug|Any CPU
		{F7EEBD0D-1FE1-4650-B28C-A6FF15FD403C}.Debug|Any CPU.Build.0 = Debug|Any CPU
		{F7EEBD0D-1FE1-4650-B28C-A6FF15FD403C}.Release|Any CPU.ActiveCfg = Release|Any CPU
		{F7EEBD0D-1FE1-4650-B28C-A6FF15FD403C}.Release|Any CPU.Build.0 = Release|Any CPU
		{CC10A2CF-25AE-4799-B6B0-B381A3A5FB37}.Debug|Any CPU.ActiveCfg = Debug|Any CPU
		{CC10A2CF-25AE-4799-B6B0-B381A3A5FB37}.Debug|Any CPU.Build.0 = Debug|Any CPU
		{CC10A2CF-25AE-4799-B6B0-B381A3A5FB37}.Release|Any CPU.ActiveCfg = Release|Any CPU
		{CC10A2CF-25AE-4799-B6B0-B381A3A5FB37}.Release|Any CPU.Build.0 = Release|Any CPU
		{52DB9A23-82AE-4234-B37F-5CE7523D8161}.Debug|Any CPU.ActiveCfg = Debug|Any CPU
		{52DB9A23-82AE-4234-B37F-5CE7523D8161}.Debug|Any CPU.Build.0 = Debug|Any CPU
		{52DB9A23-82AE-4234-B37F-5CE7523D8161}.Release|Any CPU.ActiveCfg = Release|Any CPU
		{52DB9A23-82AE-4234-B37F-5CE7523D8161}.Release|Any CPU.Build.0 = Release|Any CPU
		{919CA65B-1BD6-4EC1-83D1-197343B68645}.Debug|Any CPU.ActiveCfg = Debug|Any CPU
		{919CA65B-1BD6-4EC1-83D1-197343B68645}.Debug|Any CPU.Build.0 = Debug|Any CPU
		{919CA65B-1BD6-4EC1-83D1-197343B68645}.Release|Any CPU.ActiveCfg = Release|Any CPU
		{919CA65B-1BD6-4EC1-83D1-197343B68645}.Release|Any CPU.Build.0 = Release|Any CPU
		{93412EE1-F4E1-4D2A-80D2-4630A8141D67}.Debug|Any CPU.ActiveCfg = Debug|Any CPU
		{93412EE1-F4E1-4D2A-80D2-4630A8141D67}.Debug|Any CPU.Build.0 = Debug|Any CPU
		{93412EE1-F4E1-4D2A-80D2-4630A8141D67}.Release|Any CPU.ActiveCfg = Release|Any CPU
		{93412EE1-F4E1-4D2A-80D2-4630A8141D67}.Release|Any CPU.Build.0 = Release|Any CPU
		{DA1A6431-D228-4D8F-A710-22F038FC3F80}.Debug|Any CPU.ActiveCfg = Debug|Any CPU
		{DA1A6431-D228-4D8F-A710-22F038FC3F80}.Debug|Any CPU.Build.0 = Debug|Any CPU
		{DA1A6431-D228-4D8F-A710-22F038FC3F80}.Release|Any CPU.ActiveCfg = Release|Any CPU
		{DA1A6431-D228-4D8F-A710-22F038FC3F80}.Release|Any CPU.Build.0 = Release|Any CPU
		{4392FCD7-4A4D-4F05-80C0-0956FA449039}.Debug|Any CPU.ActiveCfg = Debug|Any CPU
		{4392FCD7-4A4D-4F05-80C0-0956FA449039}.Debug|Any CPU.Build.0 = Debug|Any CPU
		{4392FCD7-4A4D-4F05-80C0-0956FA449039}.Release|Any CPU.ActiveCfg = Release|Any CPU
		{4392FCD7-4A4D-4F05-80C0-0956FA449039}.Release|Any CPU.Build.0 = Release|Any CPU
		{569177CE-2A3A-440D-8F5D-5974A429099E}.Debug|Any CPU.ActiveCfg = Debug|Any CPU
		{569177CE-2A3A-440D-8F5D-5974A429099E}.Debug|Any CPU.Build.0 = Debug|Any CPU
		{569177CE-2A3A-440D-8F5D-5974A429099E}.Release|Any CPU.ActiveCfg = Release|Any CPU
		{569177CE-2A3A-440D-8F5D-5974A429099E}.Release|Any CPU.Build.0 = Release|Any CPU
		{6C340520-F15A-4932-BDE1-BF05CFA1AF6A}.Debug|Any CPU.ActiveCfg = Debug|Any CPU
		{6C340520-F15A-4932-BDE1-BF05CFA1AF6A}.Debug|Any CPU.Build.0 = Debug|Any CPU
		{6C340520-F15A-4932-BDE1-BF05CFA1AF6A}.Release|Any CPU.ActiveCfg = Release|Any CPU
		{6C340520-F15A-4932-BDE1-BF05CFA1AF6A}.Release|Any CPU.Build.0 = Release|Any CPU
		{305B0828-F71D-4142-AB88-B1D1C9F5EC91}.Debug|Any CPU.ActiveCfg = Debug|Any CPU
		{305B0828-F71D-4142-AB88-B1D1C9F5EC91}.Debug|Any CPU.Build.0 = Debug|Any CPU
		{305B0828-F71D-4142-AB88-B1D1C9F5EC91}.Release|Any CPU.ActiveCfg = Release|Any CPU
		{305B0828-F71D-4142-AB88-B1D1C9F5EC91}.Release|Any CPU.Build.0 = Release|Any CPU
		{967A1595-7310-4923-8B62-59A3A6AA9D30}.Debug|Any CPU.ActiveCfg = Debug|Any CPU
		{967A1595-7310-4923-8B62-59A3A6AA9D30}.Debug|Any CPU.Build.0 = Debug|Any CPU
		{967A1595-7310-4923-8B62-59A3A6AA9D30}.Release|Any CPU.ActiveCfg = Release|Any CPU
		{967A1595-7310-4923-8B62-59A3A6AA9D30}.Release|Any CPU.Build.0 = Release|Any CPU
		{CBCBDA01-6DB4-4F89-9E94-8D66DD04CC34}.Debug|Any CPU.ActiveCfg = Debug|Any CPU
		{CBCBDA01-6DB4-4F89-9E94-8D66DD04CC34}.Debug|Any CPU.Build.0 = Debug|Any CPU
		{CBCBDA01-6DB4-4F89-9E94-8D66DD04CC34}.Release|Any CPU.ActiveCfg = Release|Any CPU
		{CBCBDA01-6DB4-4F89-9E94-8D66DD04CC34}.Release|Any CPU.Build.0 = Release|Any CPU
		{447C582D-B686-44AD-8CDA-4D26759AD6D3}.Debug|Any CPU.ActiveCfg = Debug|Any CPU
		{447C582D-B686-44AD-8CDA-4D26759AD6D3}.Debug|Any CPU.Build.0 = Debug|Any CPU
		{447C582D-B686-44AD-8CDA-4D26759AD6D3}.Release|Any CPU.ActiveCfg = Release|Any CPU
		{447C582D-B686-44AD-8CDA-4D26759AD6D3}.Release|Any CPU.Build.0 = Release|Any CPU
		{F4106CF0-E0FB-428D-B9DB-B57D9D2D6EB0}.Debug|Any CPU.ActiveCfg = Debug|Any CPU
		{F4106CF0-E0FB-428D-B9DB-B57D9D2D6EB0}.Debug|Any CPU.Build.0 = Debug|Any CPU
		{F4106CF0-E0FB-428D-B9DB-B57D9D2D6EB0}.Release|Any CPU.ActiveCfg = Release|Any CPU
		{F4106CF0-E0FB-428D-B9DB-B57D9D2D6EB0}.Release|Any CPU.Build.0 = Release|Any CPU
		{053F01E5-509C-4651-9DD4-6C892E390276}.Debug|Any CPU.ActiveCfg = Debug|Any CPU
		{053F01E5-509C-4651-9DD4-6C892E390276}.Debug|Any CPU.Build.0 = Debug|Any CPU
		{053F01E5-509C-4651-9DD4-6C892E390276}.Release|Any CPU.ActiveCfg = Release|Any CPU
		{053F01E5-509C-4651-9DD4-6C892E390276}.Release|Any CPU.Build.0 = Release|Any CPU
		{E55AB978-3BFA-4C90-AD45-B240535B6717}.Debug|Any CPU.ActiveCfg = Debug|Any CPU
		{E55AB978-3BFA-4C90-AD45-B240535B6717}.Debug|Any CPU.Build.0 = Debug|Any CPU
		{E55AB978-3BFA-4C90-AD45-B240535B6717}.Release|Any CPU.ActiveCfg = Release|Any CPU
		{E55AB978-3BFA-4C90-AD45-B240535B6717}.Release|Any CPU.Build.0 = Release|Any CPU
		{B2B2B99B-2CE9-442A-877E-AF57AED9B560}.Debug|Any CPU.ActiveCfg = Debug|Any CPU
		{B2B2B99B-2CE9-442A-877E-AF57AED9B560}.Debug|Any CPU.Build.0 = Debug|Any CPU
		{B2B2B99B-2CE9-442A-877E-AF57AED9B560}.Release|Any CPU.ActiveCfg = Release|Any CPU
		{B2B2B99B-2CE9-442A-877E-AF57AED9B560}.Release|Any CPU.Build.0 = Release|Any CPU
		{D713E46D-A96C-49BC-8F75-F26B687144C9}.Debug|Any CPU.ActiveCfg = Debug|Any CPU
		{D713E46D-A96C-49BC-8F75-F26B687144C9}.Debug|Any CPU.Build.0 = Debug|Any CPU
		{D713E46D-A96C-49BC-8F75-F26B687144C9}.Release|Any CPU.ActiveCfg = Release|Any CPU
		{D713E46D-A96C-49BC-8F75-F26B687144C9}.Release|Any CPU.Build.0 = Release|Any CPU
		{1DB3CFC4-5847-4D59-A682-EB4909327B6C}.Debug|Any CPU.ActiveCfg = Debug|Any CPU
		{1DB3CFC4-5847-4D59-A682-EB4909327B6C}.Debug|Any CPU.Build.0 = Debug|Any CPU
		{1DB3CFC4-5847-4D59-A682-EB4909327B6C}.Release|Any CPU.ActiveCfg = Release|Any CPU
		{1DB3CFC4-5847-4D59-A682-EB4909327B6C}.Release|Any CPU.Build.0 = Release|Any CPU
		{D1DDAA16-DB35-4EB6-A7AD-3A2C886FA5CF}.Debug|Any CPU.ActiveCfg = Debug|Any CPU
		{D1DDAA16-DB35-4EB6-A7AD-3A2C886FA5CF}.Debug|Any CPU.Build.0 = Debug|Any CPU
		{D1DDAA16-DB35-4EB6-A7AD-3A2C886FA5CF}.Release|Any CPU.ActiveCfg = Release|Any CPU
		{D1DDAA16-DB35-4EB6-A7AD-3A2C886FA5CF}.Release|Any CPU.Build.0 = Release|Any CPU
	EndGlobalSection
	GlobalSection(SolutionProperties) = preSolution
		HideSolutionNode = FALSE
	EndGlobalSection
	GlobalSection(NestedProjects) = preSolution
		{DF38F560-A42C-432C-AC5D-E008D9553D09} = {02EA681E-C7D8-13C7-8484-4AC65E1B71E8}
		{F7EEBD0D-1FE1-4650-B28C-A6FF15FD403C} = {02EA681E-C7D8-13C7-8484-4AC65E1B71E8}
		{CC10A2CF-25AE-4799-B6B0-B381A3A5FB37} = {02EA681E-C7D8-13C7-8484-4AC65E1B71E8}
		{52DB9A23-82AE-4234-B37F-5CE7523D8161} = {C82F2904-21F0-49AC-A4AA-B90425C65294}
		{919CA65B-1BD6-4EC1-83D1-197343B68645} = {C82F2904-21F0-49AC-A4AA-B90425C65294}
		{93412EE1-F4E1-4D2A-80D2-4630A8141D67} = {C82F2904-21F0-49AC-A4AA-B90425C65294}
		{DA1A6431-D228-4D8F-A710-22F038FC3F80} = {585D574E-644E-4EE5-8590-06593D6DA9DA}
		{4392FCD7-4A4D-4F05-80C0-0956FA449039} = {585D574E-644E-4EE5-8590-06593D6DA9DA}
		{569177CE-2A3A-440D-8F5D-5974A429099E} = {585D574E-644E-4EE5-8590-06593D6DA9DA}
		{6C340520-F15A-4932-BDE1-BF05CFA1AF6A} = {B82C4B2F-A88E-482A-B112-9A94739CC3CB}
		{305B0828-F71D-4142-AB88-B1D1C9F5EC91} = {B82C4B2F-A88E-482A-B112-9A94739CC3CB}
		{967A1595-7310-4923-8B62-59A3A6AA9D30} = {B82C4B2F-A88E-482A-B112-9A94739CC3CB}
		{CBCBDA01-6DB4-4F89-9E94-8D66DD04CC34} = {03FA735D-5697-48DB-BE5E-9F398187D930}
		{447C582D-B686-44AD-8CDA-4D26759AD6D3} = {03FA735D-5697-48DB-BE5E-9F398187D930}
		{F4106CF0-E0FB-428D-B9DB-B57D9D2D6EB0} = {03FA735D-5697-48DB-BE5E-9F398187D930}
		{053F01E5-509C-4651-9DD4-6C892E390276} = {EED6AF32-6870-4B9F-A929-827BAB3E77F7}
		{E55AB978-3BFA-4C90-AD45-B240535B6717} = {EED6AF32-6870-4B9F-A929-827BAB3E77F7}
		{B2B2B99B-2CE9-442A-877E-AF57AED9B560} = {EED6AF32-6870-4B9F-A929-827BAB3E77F7}
		{D713E46D-A96C-49BC-8F75-F26B687144C9} = {82855CE2-46FA-4C9C-8F35-BE042B9B6709}
		{1DB3CFC4-5847-4D59-A682-EB4909327B6C} = {82855CE2-46FA-4C9C-8F35-BE042B9B6709}
		{D1DDAA16-DB35-4EB6-A7AD-3A2C886FA5CF} = {82855CE2-46FA-4C9C-8F35-BE042B9B6709}
	EndGlobalSection
	GlobalSection(ExtensibilityGlobals) = postSolution
		SolutionGuid = {55F39ACB-2479-4F9D-B89D-23BEA0407648}
	EndGlobalSection
EndGlobal
